
Microsoft Visual Studio Solution File, Format Version 12.00
# Visual Studio Version 17
VisualStudioVersion = 17.10.34928.147
MinimumVisualStudioVersion = 10.0.40219.1
Project("{FAE04EC0-301F-11D3-BF4B-00C04F79EFBC}") = "Address book", "Address book.csproj", "{ACBAD1ED-AD6D-4037-ABE6-3C47A8A00EFB}"
EndProject
Global
	GlobalSection(SolutionConfigurationPlatforms) = preSolution
		Debug|Any CPU = Debug|Any CPU
		Release|Any CPU = Release|Any CPU
	EndGlobalSection
	GlobalSection(ProjectConfigurationPlatforms) = postSolution
		{ACBAD1ED-AD6D-4037-ABE6-3C47A8A00EFB}.Debug|Any CPU.ActiveCfg = Debug|Any CPU
		{ACBAD1ED-AD6D-4037-ABE6-3C47A8A00EFB}.Debug|Any CPU.Build.0 = Debug|Any CPU
		{ACBAD1ED-AD6D-4037-ABE6-3C47A8A00EFB}.Release|Any CPU.ActiveCfg = Release|Any CPU
		{ACBAD1ED-AD6D-4037-ABE6-3C47A8A00EFB}.Release|Any CPU.Build.0 = Release|Any CPU
	EndGlobalSection
	GlobalSection(SolutionProperties) = preSolution
		HideSolutionNode = FALSE
	EndGlobalSection
	GlobalSection(ExtensibilityGlobals) = postSolution
		SolutionGuid = {23B41678-CE62-477D-8029-4DCBEF1D0C53}
	EndGlobalSection
EndGlobal
